
Microsoft Visual Studio Solution File, Format Version 12.00
# Visual Studio Version 16
VisualStudioVersion = 16.0.30717.126
MinimumVisualStudioVersion = 10.0.40219.1
Project("{FAE04EC0-301F-11D3-BF4B-00C04F79EFBC}") = "EfCoreFluentApi.Domain", "EfCoreFluentApi.Domain\EfCoreFluentApi.Domain.csproj", "{74ED785A-2E97-42D0-9991-3C6804504E20}"
EndProject
Project("{FAE04EC0-301F-11D3-BF4B-00C04F79EFBC}") = "EfCoreFluentApi.Infrastructure", "EfCoreFluentApi.Infrastructure\EfCoreFluentApi.Infrastructure.csproj", "{58358C17-4AF3-434B-A4B4-F84104FFBA76}"
EndProject
Global
	GlobalSection(SolutionConfigurationPlatforms) = preSolution
		Debug|Any CPU = Debug|Any CPU
		Release|Any CPU = Release|Any CPU
	EndGlobalSection
	GlobalSection(ProjectConfigurationPlatforms) = postSolution
		{74ED785A-2E97-42D0-9991-3C6804504E20}.Debug|Any CPU.ActiveCfg = Debug|Any CPU
		{74ED785A-2E97-42D0-9991-3C6804504E20}.Debug|Any CPU.Build.0 = Debug|Any CPU
		{74ED785A-2E97-42D0-9991-3C6804504E20}.Release|Any CPU.ActiveCfg = Release|Any CPU
		{74ED785A-2E97-42D0-9991-3C6804504E20}.Release|Any CPU.Build.0 = Release|Any CPU
		{58358C17-4AF3-434B-A4B4-F84104FFBA76}.Debug|Any CPU.ActiveCfg = Debug|Any CPU
		{58358C17-4AF3-434B-A4B4-F84104FFBA76}.Debug|Any CPU.Build.0 = Debug|Any CPU
		{58358C17-4AF3-434B-A4B4-F84104FFBA76}.Release|Any CPU.ActiveCfg = Release|Any CPU
		{58358C17-4AF3-434B-A4B4-F84104FFBA76}.Release|Any CPU.Build.0 = Release|Any CPU
	EndGlobalSection
	GlobalSection(SolutionProperties) = preSolution
		HideSolutionNode = FALSE
	EndGlobalSection
	GlobalSection(ExtensibilityGlobals) = postSolution
		SolutionGuid = {D4C2312F-8F56-44E4-B4CB-59734AD9721D}
	EndGlobalSection
EndGlobal
